
Microsoft Visual Studio Solution File, Format Version 12.00
# Visual Studio Version 17
VisualStudioVersion = 17.14.36221.1
MinimumVisualStudioVersion = 10.0.40219.1
Project("{FAE04EC0-301F-11D3-BF4B-00C04F79EFBC}") = "BetaWerse", "BetaWerse\BetaWerse.csproj", "{19AF5DC5-9656-47EE-8B06-8971C9618EFA}"
EndProject
Project("{2150E333-8FDC-42A3-9474-1A3956D46DE8}") = "Solution Items", "Solution Items", "{02EA681E-C7D8-13C7-8484-4AC65E1B71E8}"
	ProjectSection(SolutionItems) = preProject
		.editorconfig = .editorconfig
	EndProjectSection
EndProject
Global
	GlobalSection(SolutionConfigurationPlatforms) = preSolution
		Debug|Any CPU = Debug|Any CPU
		Release|Any CPU = Release|Any CPU
	EndGlobalSection
	GlobalSection(ProjectConfigurationPlatforms) = postSolution
		{19AF5DC5-9656-47EE-8B06-8971C9618EFA}.Debug|Any CPU.ActiveCfg = Debug|Any CPU
		{19AF5DC5-9656-47EE-8B06-8971C9618EFA}.Debug|Any CPU.Build.0 = Debug|Any CPU
		{19AF5DC5-9656-47EE-8B06-8971C9618EFA}.Release|Any CPU.ActiveCfg = Release|Any CPU
		{19AF5DC5-9656-47EE-8B06-8971C9618EFA}.Release|Any CPU.Build.0 = Release|Any CPU
	EndGlobalSection
	GlobalSection(SolutionProperties) = preSolution
		HideSolutionNode = FALSE
	EndGlobalSection
	GlobalSection(ExtensibilityGlobals) = postSolution
		SolutionGuid = {E556340F-AF64-4E7F-899F-32C39CE4D9F4}
	EndGlobalSection
EndGlobal
